
Microsoft Visual Studio Solution File, Format Version 12.00
# Visual Studio Version 16
VisualStudioVersion = 16.0.30804.86
MinimumVisualStudioVersion = 10.0.40219.1
Project("{FAE04EC0-301F-11D3-BF4B-00C04F79EFBC}") = "Codemerger_specflow", "Codemerger_specflow\Codemerger_specflow.csproj", "{F11364BC-53AD-49BA-B412-BDCAB3B76024}"
EndProject
Global
	GlobalSection(SolutionConfigurationPlatforms) = preSolution
		Debug|Any CPU = Debug|Any CPU
		Release|Any CPU = Release|Any CPU
	EndGlobalSection
	GlobalSection(ProjectConfigurationPlatforms) = postSolution
		{F11364BC-53AD-49BA-B412-BDCAB3B76024}.Debug|Any CPU.ActiveCfg = Debug|Any CPU
		{F11364BC-53AD-49BA-B412-BDCAB3B76024}.Debug|Any CPU.Build.0 = Debug|Any CPU
		{F11364BC-53AD-49BA-B412-BDCAB3B76024}.Release|Any CPU.ActiveCfg = Release|Any CPU
		{F11364BC-53AD-49BA-B412-BDCAB3B76024}.Release|Any CPU.Build.0 = Release|Any CPU
	EndGlobalSection
	GlobalSection(SolutionProperties) = preSolution
		HideSolutionNode = FALSE
	EndGlobalSection
	GlobalSection(ExtensibilityGlobals) = postSolution
		SolutionGuid = {D907202D-550C-414C-B860-AB255978575D}
	EndGlobalSection
EndGlobal
